
Microsoft Visual Studio Solution File, Format Version 12.00
# Visual Studio Version 16
VisualStudioVersion = 16.0.30717.126
MinimumVisualStudioVersion = 10.0.40219.1
Project("{9A19103F-16F7-4668-BE54-9A1E7A4F7556}") = "ASPNET5Demo1", "ASPNET5Demo1.csproj", "{3164417D-F98E-4CB2-B459-C9941C8037C9}"
EndProject
Project("{9A19103F-16F7-4668-BE54-9A1E7A4F7556}") = "APIClient", "..\APIClient\APIClient.csproj", "{E0E5E052-1E8D-469A-9352-18984785A3C0}"
EndProject
Project("{00D1A9C2-B5F0-4AF3-8072-F6C62B433612}") = "ContosoUniversityDB1", "..\ContosoUniversityDB1\ContosoUniversityDB1.sqlproj", "{1035CEB7-3BFB-4EF3-9BB5-85B3462BE560}"
EndProject
Global
	GlobalSection(SolutionConfigurationPlatforms) = preSolution
		Debug|Any CPU = Debug|Any CPU
		Release|Any CPU = Release|Any CPU
	EndGlobalSection
	GlobalSection(ProjectConfigurationPlatforms) = postSolution
		{3164417D-F98E-4CB2-B459-C9941C8037C9}.Debug|Any CPU.ActiveCfg = Debug|Any CPU
		{3164417D-F98E-4CB2-B459-C9941C8037C9}.Debug|Any CPU.Build.0 = Debug|Any CPU
		{3164417D-F98E-4CB2-B459-C9941C8037C9}.Release|Any CPU.ActiveCfg = Release|Any CPU
		{3164417D-F98E-4CB2-B459-C9941C8037C9}.Release|Any CPU.Build.0 = Release|Any CPU
		{E0E5E052-1E8D-469A-9352-18984785A3C0}.Debug|Any CPU.ActiveCfg = Debug|Any CPU
		{E0E5E052-1E8D-469A-9352-18984785A3C0}.Debug|Any CPU.Build.0 = Debug|Any CPU
		{E0E5E052-1E8D-469A-9352-18984785A3C0}.Release|Any CPU.ActiveCfg = Release|Any CPU
		{E0E5E052-1E8D-469A-9352-18984785A3C0}.Release|Any CPU.Build.0 = Release|Any CPU
		{1035CEB7-3BFB-4EF3-9BB5-85B3462BE560}.Debug|Any CPU.ActiveCfg = Debug|Any CPU
		{1035CEB7-3BFB-4EF3-9BB5-85B3462BE560}.Debug|Any CPU.Build.0 = Debug|Any CPU
		{1035CEB7-3BFB-4EF3-9BB5-85B3462BE560}.Debug|Any CPU.Deploy.0 = Debug|Any CPU
		{1035CEB7-3BFB-4EF3-9BB5-85B3462BE560}.Release|Any CPU.ActiveCfg = Release|Any CPU
		{1035CEB7-3BFB-4EF3-9BB5-85B3462BE560}.Release|Any CPU.Build.0 = Release|Any CPU
		{1035CEB7-3BFB-4EF3-9BB5-85B3462BE560}.Release|Any CPU.Deploy.0 = Release|Any CPU
	EndGlobalSection
	GlobalSection(SolutionProperties) = preSolution
		HideSolutionNode = FALSE
	EndGlobalSection
	GlobalSection(ExtensibilityGlobals) = postSolution
		SolutionGuid = {5C686F17-0BE8-4E73-A4E5-CEC675BCAFFE}
	EndGlobalSection
EndGlobal
